
Microsoft Visual Studio Solution File, Format Version 12.00
# Visual Studio 15
VisualStudioVersion = 15.0.28010.2050
MinimumVisualStudioVersion = 10.0.40219.1
Project("{9A19103F-16F7-4668-BE54-9A1E7A4F7556}") = "portal-teme", "portal-teme\portal-teme.csproj", "{75F3DA61-F042-4341-8791-B94203457496}"
EndProject
Project("{FAE04EC0-301F-11D3-BF4B-00C04F79EFBC}") = "test-client", "test-client\test-client.csproj", "{6B3FE504-0C22-4455-8E65-FCC91D6D47BB}"
EndProject
Global
	GlobalSection(SolutionConfigurationPlatforms) = preSolution
		Debug|Any CPU = Debug|Any CPU
		Release|Any CPU = Release|Any CPU
	EndGlobalSection
	GlobalSection(ProjectConfigurationPlatforms) = postSolution
		{75F3DA61-F042-4341-8791-B94203457496}.Debug|Any CPU.ActiveCfg = Debug|Any CPU
		{75F3DA61-F042-4341-8791-B94203457496}.Debug|Any CPU.Build.0 = Debug|Any CPU
		{75F3DA61-F042-4341-8791-B94203457496}.Release|Any CPU.ActiveCfg = Release|Any CPU
		{75F3DA61-F042-4341-8791-B94203457496}.Release|Any CPU.Build.0 = Release|Any CPU
		{6B3FE504-0C22-4455-8E65-FCC91D6D47BB}.Debug|Any CPU.ActiveCfg = Debug|Any CPU
		{6B3FE504-0C22-4455-8E65-FCC91D6D47BB}.Debug|Any CPU.Build.0 = Debug|Any CPU
		{6B3FE504-0C22-4455-8E65-FCC91D6D47BB}.Release|Any CPU.ActiveCfg = Release|Any CPU
		{6B3FE504-0C22-4455-8E65-FCC91D6D47BB}.Release|Any CPU.Build.0 = Release|Any CPU
	EndGlobalSection
	GlobalSection(SolutionProperties) = preSolution
		HideSolutionNode = FALSE
	EndGlobalSection
	GlobalSection(ExtensibilityGlobals) = postSolution
		SolutionGuid = {AD5EAE90-04A3-41A8-91A7-AF4C53ED7055}
	EndGlobalSection
EndGlobal
